{
  "version": 4,
  "terraform_version": "1.1.3",
  "serial": 16,
  "lineage": "2576acfb-c9c8-1f26-2954-214e659e40a5",
  "outputs": {
    "databricks_host": {
      "value": "https://adb-1169921890530059.19.azuredatabricks.net/",
      "type": "string"
    }
  },
  "resources": [
    {
      "mode": "data",
      "type": "azurerm_client_config",
      "name": "current",
      "provider": "provider[\"registry.terraform.io/hashicorp/azurerm\"]",
      "instances": [
        {
          "schema_version": 0,
          "attributes": {
            "client_id": "04b07795-8ddb-461a-bbee-02f9e1bf7b46",
            "id": "2022-03-10 22:33:17.234752 +0000 UTC",
            "object_id": "15ba0d61-1a0e-473c-851e-847d15f78e81",
            "subscription_id": "3f2e4d32-8e8d-46d6-82bc-5bb8d962328b",
            "tenant_id": "9f37a392-f0ae-4280-9796-f1864a10effc",
            "timeouts": null
          },
          "sensitive_attributes": []
        }
      ]
    },
    {
      "mode": "data",
      "type": "external",
      "name": "me",
      "provider": "provider[\"registry.terraform.io/hashicorp/external\"]",
      "instances": [
        {
          "schema_version": 0,
          "attributes": {
            "id": "-",
            "program": [
              "az",
              "account",
              "show",
              "--query",
              "user"
            ],
            "query": null,
            "result": {
              "name": "ricardo.portilla@databricks.com",
              "type": "user"
            },
            "working_dir": null
          },
          "sensitive_attributes": []
        }
      ]
    },
    {
      "mode": "managed",
      "type": "azurerm_databricks_workspace",
      "name": "this",
      "provider": "provider[\"registry.terraform.io/hashicorp/azurerm\"]",
      "instances": [
        {
          "schema_version": 0,
          "attributes": {
            "custom_parameters": [
              {
                "machine_learning_workspace_id": "",
                "nat_gateway_name": "nat-gateway",
                "no_public_ip": false,
                "private_subnet_name": "",
                "private_subnet_network_security_group_association_id": "",
                "public_ip_name": "nat-gw-public-ip",
                "public_subnet_name": "",
                "public_subnet_network_security_group_association_id": "",
                "storage_account_name": "dbstoragefjnottyfl62je",
                "storage_account_sku_name": "Standard_GRS",
                "virtual_network_id": "",
                "vnet_address_prefix": "10.139"
              }
            ],
            "customer_managed_key_enabled": false,
            "id": "/subscriptions/3f2e4d32-8e8d-46d6-82bc-5bb8d962328b/resourceGroups/databricksdemop5wowb-rg/providers/Microsoft.Databricks/workspaces/databricksdemop5wowb-workspace",
            "infrastructure_encryption_enabled": false,
            "load_balancer_backend_address_pool_id": "",
            "location": "eastus2",
            "managed_resource_group_id": "/subscriptions/3f2e4d32-8e8d-46d6-82bc-5bb8d962328b/resourceGroups/databricksdemop5wowb-workspace-rg",
            "managed_resource_group_name": "databricksdemop5wowb-workspace-rg",
            "managed_services_cmk_key_vault_key_id": null,
            "name": "databricksdemop5wowb-workspace",
            "network_security_group_rules_required": null,
            "public_network_access_enabled": true,
            "resource_group_name": "databricksdemop5wowb-rg",
            "sku": "premium",
            "storage_account_identity": [],
            "tags": {
              "Environment": "Demo",
              "Owner": "ricardo.portilla@databricks.com"
            },
            "timeouts": null,
            "workspace_id": "1169921890530059",
            "workspace_url": "adb-1169921890530059.19.azuredatabricks.net"
          },
          "sensitive_attributes": [],
          "private": "eyJlMmJmYjczMC1lY2FhLTExZTYtOGY4OC0zNDM2M2JjN2M0YzAiOnsiY3JlYXRlIjoxODAwMDAwMDAwMDAwLCJkZWxldGUiOjE4MDAwMDAwMDAwMDAsInJlYWQiOjMwMDAwMDAwMDAwMCwidXBkYXRlIjoxODAwMDAwMDAwMDAwfX0=",
          "dependencies": [
            "azurerm_resource_group.this",
            "data.external.me",
            "random_string.naming"
          ]
        }
      ]
    },
    {
      "mode": "managed",
      "type": "azurerm_resource_group",
      "name": "this",
      "provider": "provider[\"registry.terraform.io/hashicorp/azurerm\"]",
      "instances": [
        {
          "schema_version": 0,
          "attributes": {
            "id": "/subscriptions/3f2e4d32-8e8d-46d6-82bc-5bb8d962328b/resourceGroups/databricksdemop5wowb-rg",
            "location": "eastus2",
            "name": "databricksdemop5wowb-rg",
            "tags": {
              "Environment": "Demo",
              "Owner": "ricardo.portilla@databricks.com"
            },
            "timeouts": null
          },
          "sensitive_attributes": [],
          "private": "eyJlMmJmYjczMC1lY2FhLTExZTYtOGY4OC0zNDM2M2JjN2M0YzAiOnsiY3JlYXRlIjo1NDAwMDAwMDAwMDAwLCJkZWxldGUiOjU0MDAwMDAwMDAwMDAsInJlYWQiOjMwMDAwMDAwMDAwMCwidXBkYXRlIjo1NDAwMDAwMDAwMDAwfX0=",
          "dependencies": [
            "data.external.me",
            "random_string.naming"
          ]
        }
      ]
    },
    {
      "mode": "managed",
      "type": "random_string",
      "name": "naming",
      "provider": "provider[\"registry.terraform.io/hashicorp/random\"]",
      "instances": [
        {
          "schema_version": 1,
          "attributes": {
            "id": "p5wowb",
            "keepers": null,
            "length": 6,
            "lower": true,
            "min_lower": 0,
            "min_numeric": 0,
            "min_special": 0,
            "min_upper": 0,
            "number": true,
            "override_special": null,
            "result": "p5wowb",
            "special": false,
            "upper": false
          },
          "sensitive_attributes": [],
          "private": "eyJzY2hlbWFfdmVyc2lvbiI6IjEifQ=="
        }
      ]
    }
  ]
}
