{
  "version": 4,
  "terraform_version": "1.1.3",
  "serial": 319,
  "lineage": "73df59fa-7860-ac30-0bec-ad852cb2baa2",
  "outputs": {},
  "resources": [
    {
      "mode": "data",
      "type": "aws_subnet",
      "name": "ws_vpc_subnets",
      "provider": "provider[\"registry.terraform.io/hashicorp/aws\"]",
      "instances": [
        {
          "index_key": "subnet-0c2d9882f68e15805",
          "schema_version": 0,
          "attributes": {
            "arn": "arn:aws:ec2:us-east-1:997819012307:subnet/subnet-0c2d9882f68e15805",
            "assign_ipv6_address_on_creation": false,
            "availability_zone": "us-east-1a",
            "availability_zone_id": "use1-az1",
            "available_ip_address_count": 251,
            "cidr_block": "10.173.1.0/24",
            "customer_owned_ipv4_pool": "",
            "default_for_az": false,
            "filter": null,
            "id": "subnet-0c2d9882f68e15805",
            "ipv6_cidr_block": null,
            "ipv6_cidr_block_association_id": null,
            "map_customer_owned_ip_on_launch": false,
            "map_public_ip_on_launch": false,
            "outpost_arn": "",
            "owner_id": "997819012307",
            "state": "available",
            "tags": {
              "Name": "pci-subnet-1",
              "Owner": "ricardo.portilla@databricks.com",
              "user": "ricardo"
            },
            "vpc_id": "vpc-0a0c110881f1c1367"
          },
          "sensitive_attributes": []
        },
        {
          "index_key": "subnet-0c3544336fe516333",
          "schema_version": 0,
          "attributes": {
            "arn": "arn:aws:ec2:us-east-1:997819012307:subnet/subnet-0c3544336fe516333",
            "assign_ipv6_address_on_creation": false,
            "availability_zone": "us-east-1b",
            "availability_zone_id": "use1-az2",
            "available_ip_address_count": 251,
            "cidr_block": "10.173.2.0/24",
            "customer_owned_ipv4_pool": "",
            "default_for_az": false,
            "filter": null,
            "id": "subnet-0c3544336fe516333",
            "ipv6_cidr_block": null,
            "ipv6_cidr_block_association_id": null,
            "map_customer_owned_ip_on_launch": false,
            "map_public_ip_on_launch": false,
            "outpost_arn": "",
            "owner_id": "997819012307",
            "state": "available",
            "tags": {
              "Name": "pci-subnet-2",
              "Owner": "ricardo.portilla@databricks.com",
              "user": "ricardo"
            },
            "vpc_id": "vpc-0a0c110881f1c1367"
          },
          "sensitive_attributes": []
        }
      ]
    },
    {
      "mode": "data",
      "type": "aws_vpc",
      "name": "prod",
      "provider": "provider[\"registry.terraform.io/hashicorp/aws\"]",
      "instances": [
        {
          "schema_version": 0,
          "attributes": {
            "arn": "arn:aws:ec2:us-east-1:997819012307:vpc/vpc-0a0c110881f1c1367",
            "cidr_block": "10.173.0.0/16",
            "cidr_block_associations": [
              {
                "association_id": "vpc-cidr-assoc-0cdb5184596763d42",
                "cidr_block": "10.173.0.0/16",
                "state": "associated"
              }
            ],
            "default": false,
            "dhcp_options_id": "dopt-dc1f11b8",
            "enable_dns_hostnames": true,
            "enable_dns_support": true,
            "filter": null,
            "id": "vpc-0a0c110881f1c1367",
            "instance_tenancy": "default",
            "ipv6_association_id": null,
            "ipv6_cidr_block": null,
            "main_route_table_id": "rtb-03456fba414f1fdd0",
            "owner_id": "997819012307",
            "state": "available",
            "tags": {
              "Name": "e2-cert-workspace-vpc-donotdelete",
              "Owner": "abhinav.garg@databricks.com",
              "name": "e2-cert-workspace-vpc-donotdelete",
              "owner": "e2-certification@databricks.com"
            }
          },
          "sensitive_attributes": []
        }
      ]
    },
    {
      "mode": "managed",
      "type": "aws_route_table",
      "name": "this",
      "provider": "provider[\"registry.terraform.io/hashicorp/aws\"]",
      "instances": [
        {
          "schema_version": 0,
          "attributes": {
            "arn": "arn:aws:ec2:us-east-1:997819012307:route-table/rtb-0f58051f77be72cef",
            "id": "rtb-0f58051f77be72cef",
            "owner_id": "997819012307",
            "propagating_vgws": [],
            "route": [],
            "tags": {
              "Name": "private-link-ws-vpc-0a0c110881f1c1367-pl-local-route-tbl",
              "Owner": "abhinav.garg@databricks.com",
              "name": "e2-cert-workspace-vpc-donotdelete",
              "owner": "e2-certification@databricks.com"
            },
            "tags_all": {
              "Name": "private-link-ws-vpc-0a0c110881f1c1367-pl-local-route-tbl",
              "Owner": "abhinav.garg@databricks.com",
              "name": "e2-cert-workspace-vpc-donotdelete",
              "owner": "e2-certification@databricks.com"
            },
            "vpc_id": "vpc-0a0c110881f1c1367"
          },
          "sensitive_attributes": [],
          "private": "bnVsbA==",
          "dependencies": [
            "data.aws_vpc.prod"
          ]
        }
      ]
    },
    {
      "mode": "managed",
      "type": "aws_route_table_association",
      "name": "dataplane_vpce_rtb",
      "provider": "provider[\"registry.terraform.io/hashicorp/aws\"]",
      "instances": [
        {
          "schema_version": 0,
          "attributes": {
            "gateway_id": "",
            "id": "rtbassoc-001c54e4999160adb",
            "route_table_id": "rtb-0f58051f77be72cef",
            "subnet_id": "subnet-09713085727dba93f"
          },
          "sensitive_attributes": [],
          "private": "bnVsbA==",
          "dependencies": [
            "aws_route_table.this",
            "aws_subnet.dataplane_vpce",
            "data.aws_vpc.prod"
          ]
        }
      ]
    },
    {
      "mode": "managed",
      "type": "aws_security_group",
      "name": "dataplane_vpce",
      "provider": "provider[\"registry.terraform.io/hashicorp/aws\"]",
      "instances": [
        {
          "schema_version": 1,
          "attributes": {
            "arn": "arn:aws:ec2:us-east-1:997819012307:security-group/sg-08f5f8c254d6dd442",
            "description": "Security group shared with relay and workspace endpoints",
            "egress": [
              {
                "cidr_blocks": [
                  "10.173.255.128/28",
                  "10.173.1.0/24",
                  "10.173.2.0/24"
                ],
                "description": "Outbound rules",
                "from_port": 443,
                "ipv6_cidr_blocks": [],
                "prefix_list_ids": [],
                "protocol": "tcp",
                "security_groups": [],
                "self": false,
                "to_port": 443
              },
              {
                "cidr_blocks": [
                  "10.173.255.128/28",
                  "10.173.1.0/24",
                  "10.173.2.0/24"
                ],
                "description": "Outbound rules",
                "from_port": 6666,
                "ipv6_cidr_blocks": [],
                "prefix_list_ids": [],
                "protocol": "tcp",
                "security_groups": [],
                "self": false,
                "to_port": 6666
              }
            ],
            "id": "sg-08f5f8c254d6dd442",
            "ingress": [
              {
                "cidr_blocks": [
                  "10.173.255.128/28",
                  "10.173.1.0/24",
                  "10.173.2.0/24"
                ],
                "description": "Inbound rules",
                "from_port": 443,
                "ipv6_cidr_blocks": [],
                "prefix_list_ids": [],
                "protocol": "tcp",
                "security_groups": [],
                "self": false,
                "to_port": 443
              },
              {
                "cidr_blocks": [
                  "10.173.255.128/28",
                  "10.173.1.0/24",
                  "10.173.2.0/24"
                ],
                "description": "Inbound rules",
                "from_port": 6666,
                "ipv6_cidr_blocks": [],
                "prefix_list_ids": [],
                "protocol": "tcp",
                "security_groups": [],
                "self": false,
                "to_port": 6666
              }
            ],
            "name": "Data Plane VPC endpoint security group",
            "name_prefix": "",
            "owner_id": "997819012307",
            "revoke_rules_on_delete": false,
            "tags": {
              "Name": "private-link-ws-vpc-0a0c110881f1c1367-pl-vpce-sg-rules",
              "Owner": "abhinav.garg@databricks.com",
              "name": "e2-cert-workspace-vpc-donotdelete",
              "owner": "e2-certification@databricks.com"
            },
            "tags_all": {
              "Name": "private-link-ws-vpc-0a0c110881f1c1367-pl-vpce-sg-rules",
              "Owner": "abhinav.garg@databricks.com",
              "name": "e2-cert-workspace-vpc-donotdelete",
              "owner": "e2-certification@databricks.com"
            },
            "timeouts": null,
            "vpc_id": "vpc-0a0c110881f1c1367"
          },
          "sensitive_attributes": [],
          "private": "eyJlMmJmYjczMC1lY2FhLTExZTYtOGY4OC0zNDM2M2JjN2M0YzAiOnsiY3JlYXRlIjo2MDAwMDAwMDAwMDAsImRlbGV0ZSI6OTAwMDAwMDAwMDAwfSwic2NoZW1hX3ZlcnNpb24iOiIxIn0=",
          "dependencies": [
            "data.aws_subnet.ws_vpc_subnets",
            "data.aws_vpc.prod"
          ]
        }
      ]
    },
    {
      "mode": "managed",
      "type": "aws_subnet",
      "name": "dataplane_vpce",
      "provider": "provider[\"registry.terraform.io/hashicorp/aws\"]",
      "instances": [
        {
          "schema_version": 1,
          "attributes": {
            "arn": "arn:aws:ec2:us-east-1:997819012307:subnet/subnet-09713085727dba93f",
            "assign_ipv6_address_on_creation": false,
            "availability_zone": "us-east-1c",
            "availability_zone_id": "use1-az4",
            "cidr_block": "10.173.255.128/28",
            "customer_owned_ipv4_pool": "",
            "id": "subnet-09713085727dba93f",
            "ipv6_cidr_block": "",
            "ipv6_cidr_block_association_id": "",
            "map_customer_owned_ip_on_launch": false,
            "map_public_ip_on_launch": false,
            "outpost_arn": "",
            "owner_id": "997819012307",
            "tags": {
              "Name": "private-link-ws-vpc-0a0c110881f1c1367-pl-vpce",
              "Owner": "abhinav.garg@databricks.com",
              "name": "e2-cert-workspace-vpc-donotdelete",
              "owner": "e2-certification@databricks.com"
            },
            "tags_all": {
              "Name": "private-link-ws-vpc-0a0c110881f1c1367-pl-vpce",
              "Owner": "abhinav.garg@databricks.com",
              "name": "e2-cert-workspace-vpc-donotdelete",
              "owner": "e2-certification@databricks.com"
            },
            "timeouts": null,
            "vpc_id": "vpc-0a0c110881f1c1367"
          },
          "sensitive_attributes": [],
          "private": "eyJlMmJmYjczMC1lY2FhLTExZTYtOGY4OC0zNDM2M2JjN2M0YzAiOnsiY3JlYXRlIjo2MDAwMDAwMDAwMDAsImRlbGV0ZSI6MTIwMDAwMDAwMDAwMH0sInNjaGVtYV92ZXJzaW9uIjoiMSJ9",
          "dependencies": [
            "data.aws_vpc.prod"
          ]
        }
      ]
    },
    {
      "mode": "managed",
      "type": "aws_vpc_endpoint",
      "name": "backend_rest",
      "provider": "provider[\"registry.terraform.io/hashicorp/aws\"]",
      "instances": [
        {
          "schema_version": 0,
          "attributes": {
            "arn": "arn:aws:ec2:us-east-1:997819012307:vpc-endpoint/vpce-0cb3ffc84841092a8",
            "auto_accept": null,
            "cidr_blocks": [],
            "dns_entry": [
              {
                "dns_name": "vpce-0cb3ffc84841092a8-55ptmv57.vpce-svc-09143d1e626de2f04.us-east-1.vpce.amazonaws.com",
                "hosted_zone_id": "Z7HUB22UULQXV"
              },
              {
                "dns_name": "vpce-0cb3ffc84841092a8-55ptmv57-us-east-1c.vpce-svc-09143d1e626de2f04.us-east-1.vpce.amazonaws.com",
                "hosted_zone_id": "Z7HUB22UULQXV"
              }
            ],
            "id": "vpce-0cb3ffc84841092a8",
            "network_interface_ids": [
              "eni-0b07bf4ef64004ba2"
            ],
            "owner_id": "997819012307",
            "policy": "{\"Statement\":[{\"Action\":\"*\",\"Effect\":\"Allow\",\"Principal\":\"*\",\"Resource\":\"*\"}]}",
            "prefix_list_id": null,
            "private_dns_enabled": false,
            "requester_managed": false,
            "route_table_ids": [],
            "security_group_ids": [
              "sg-08f5f8c254d6dd442"
            ],
            "service_name": "com.amazonaws.vpce.us-east-1.vpce-svc-09143d1e626de2f04",
            "state": "available",
            "subnet_ids": [
              "subnet-09713085727dba93f"
            ],
            "tags": {},
            "tags_all": {},
            "timeouts": null,
            "vpc_endpoint_type": "Interface",
            "vpc_id": "vpc-0a0c110881f1c1367"
          },
          "sensitive_attributes": [],
          "private": "eyJlMmJmYjczMC1lY2FhLTExZTYtOGY4OC0zNDM2M2JjN2M0YzAiOnsiY3JlYXRlIjo2MDAwMDAwMDAwMDAsImRlbGV0ZSI6NjAwMDAwMDAwMDAwLCJ1cGRhdGUiOjYwMDAwMDAwMDAwMH19",
          "dependencies": [
            "aws_security_group.dataplane_vpce",
            "aws_subnet.dataplane_vpce",
            "data.aws_subnet.ws_vpc_subnets",
            "data.aws_vpc.prod"
          ]
        }
      ]
    },
    {
      "mode": "managed",
      "type": "aws_vpc_endpoint",
      "name": "relay",
      "provider": "provider[\"registry.terraform.io/hashicorp/aws\"]",
      "instances": [
        {
          "schema_version": 0,
          "attributes": {
            "arn": "arn:aws:ec2:us-east-1:997819012307:vpc-endpoint/vpce-08eb013a69f29544a",
            "auto_accept": null,
            "cidr_blocks": [],
            "dns_entry": [
              {
                "dns_name": "vpce-08eb013a69f29544a-3x1tyjgf.vpce-svc-00018a8c3ff62ffdf.us-east-1.vpce.amazonaws.com",
                "hosted_zone_id": "Z7HUB22UULQXV"
              },
              {
                "dns_name": "vpce-08eb013a69f29544a-3x1tyjgf-us-east-1c.vpce-svc-00018a8c3ff62ffdf.us-east-1.vpce.amazonaws.com",
                "hosted_zone_id": "Z7HUB22UULQXV"
              }
            ],
            "id": "vpce-08eb013a69f29544a",
            "network_interface_ids": [
              "eni-06066ae543bc30031"
            ],
            "owner_id": "997819012307",
            "policy": "{\"Statement\":[{\"Action\":\"*\",\"Effect\":\"Allow\",\"Principal\":\"*\",\"Resource\":\"*\"}]}",
            "prefix_list_id": null,
            "private_dns_enabled": false,
            "requester_managed": false,
            "route_table_ids": [],
            "security_group_ids": [
              "sg-08f5f8c254d6dd442"
            ],
            "service_name": "com.amazonaws.vpce.us-east-1.vpce-svc-00018a8c3ff62ffdf",
            "state": "available",
            "subnet_ids": [
              "subnet-09713085727dba93f"
            ],
            "tags": {},
            "tags_all": {},
            "timeouts": null,
            "vpc_endpoint_type": "Interface",
            "vpc_id": "vpc-0a0c110881f1c1367"
          },
          "sensitive_attributes": [],
          "private": "eyJlMmJmYjczMC1lY2FhLTExZTYtOGY4OC0zNDM2M2JjN2M0YzAiOnsiY3JlYXRlIjo2MDAwMDAwMDAwMDAsImRlbGV0ZSI6NjAwMDAwMDAwMDAwLCJ1cGRhdGUiOjYwMDAwMDAwMDAwMH19",
          "dependencies": [
            "aws_security_group.dataplane_vpce",
            "aws_subnet.dataplane_vpce",
            "data.aws_subnet.ws_vpc_subnets",
            "data.aws_vpc.prod"
          ]
        }
      ]
    },
    {
      "mode": "managed",
      "type": "databricks_mws_credentials",
      "name": "this",
      "provider": "provider[\"registry.terraform.io/databrickslabs/databricks\"].mws",
      "instances": [
        {
          "schema_version": 0,
          "attributes": {
            "account_id": "119f3ee2-8c38-4cdb-88e1-81c091c378a2",
            "creation_time": 1649354541560,
            "credentials_id": "4e7c6bd7-aba6-4bc6-a717-4c8e50fb011b",
            "credentials_name": "private-link-ws-credentials",
            "external_id": "119f3ee2-8c38-4cdb-88e1-81c091c378a2",
            "id": "119f3ee2-8c38-4cdb-88e1-81c091c378a2/4e7c6bd7-aba6-4bc6-a717-4c8e50fb011b",
            "role_arn": "arn:aws:iam::997819012307:role/e2-cert-cross-acc-iam-role-donotdelete"
          },
          "sensitive_attributes": [],
          "private": "bnVsbA=="
        }
      ]
    },
    {
      "mode": "managed",
      "type": "databricks_mws_networks",
      "name": "this",
      "provider": "provider[\"registry.terraform.io/databrickslabs/databricks\"].mws",
      "instances": [
        {
          "schema_version": 0,
          "attributes": {
            "account_id": "119f3ee2-8c38-4cdb-88e1-81c091c378a2",
            "creation_time": 1649354541463,
            "error_messages": [],
            "id": "119f3ee2-8c38-4cdb-88e1-81c091c378a2/5ef6d65e-8f49-429b-b238-3d57248d717e",
            "network_id": "5ef6d65e-8f49-429b-b238-3d57248d717e",
            "network_name": "private-link-ws-network",
            "security_group_ids": [
              "sg-09e1cae5666d2efee"
            ],
            "subnet_ids": [
              "subnet-0c2d9882f68e15805",
              "subnet-0c3544336fe516333"
            ],
            "vpc_endpoints": [
              {
                "dataplane_relay": [
                  "d6905357-737a-4676-8ec1-263dac271161"
                ],
                "rest_api": [
                  "7149a683-80f3-4240-8ea9-b98f19d4a638"
                ]
              }
            ],
            "vpc_id": "vpc-0a0c110881f1c1367",
            "vpc_status": "WARNED",
            "workspace_id": 4462047545833145
          },
          "sensitive_attributes": [],
          "private": "bnVsbA==",
          "dependencies": [
            "aws_vpc_endpoint.backend_rest",
            "aws_vpc_endpoint.relay",
            "data.aws_subnet.ws_vpc_subnets",
            "data.aws_vpc.prod",
            "databricks_mws_vpc_endpoint.backend_rest_vpce",
            "databricks_mws_vpc_endpoint.relay",
            "aws_security_group.dataplane_vpce",
            "aws_subnet.dataplane_vpce"
          ]
        }
      ]
    },
    {
      "mode": "managed",
      "type": "databricks_mws_private_access_settings",
      "name": "pas",
      "provider": "provider[\"registry.terraform.io/databrickslabs/databricks\"].mws",
      "instances": [
        {
          "schema_version": 0,
          "attributes": {
            "account_id": "119f3ee2-8c38-4cdb-88e1-81c091c378a2",
            "allowed_vpc_endpoint_ids": null,
            "id": "119f3ee2-8c38-4cdb-88e1-81c091c378a2/c2cc1e7a-d297-4024-9c30-34d5cb9cb872",
            "private_access_level": "ANY",
            "private_access_settings_id": "c2cc1e7a-d297-4024-9c30-34d5cb9cb872",
            "private_access_settings_name": "Private Access Settings for private-link-ws",
            "public_access_enabled": true,
            "region": "us-east-1",
            "status": null
          },
          "sensitive_attributes": [],
          "private": "bnVsbA=="
        }
      ]
    },
    {
      "mode": "managed",
      "type": "databricks_mws_storage_configurations",
      "name": "this",
      "provider": "provider[\"registry.terraform.io/databrickslabs/databricks\"].mws",
      "instances": [
        {
          "schema_version": 0,
          "attributes": {
            "account_id": "119f3ee2-8c38-4cdb-88e1-81c091c378a2",
            "bucket_name": "e2-cert-workspace-root",
            "creation_time": 1649354541444,
            "id": "119f3ee2-8c38-4cdb-88e1-81c091c378a2/044a8342-5925-4727-a0d7-e0faf999498b",
            "storage_configuration_id": "044a8342-5925-4727-a0d7-e0faf999498b",
            "storage_configuration_name": "private-link-ws-storage}"
          },
          "sensitive_attributes": [],
          "private": "bnVsbA=="
        }
      ]
    },
    {
      "mode": "managed",
      "type": "databricks_mws_vpc_endpoint",
      "name": "backend_rest_vpce",
      "provider": "provider[\"registry.terraform.io/databrickslabs/databricks\"].mws",
      "instances": [
        {
          "schema_version": 0,
          "attributes": {
            "account_id": "119f3ee2-8c38-4cdb-88e1-81c091c378a2",
            "aws_account_id": "997819012307",
            "aws_endpoint_service_id": "vpce-svc-09143d1e626de2f04",
            "aws_vpc_endpoint_id": "vpce-0cb3ffc84841092a8",
            "id": "119f3ee2-8c38-4cdb-88e1-81c091c378a2/7149a683-80f3-4240-8ea9-b98f19d4a638",
            "region": "us-east-1",
            "state": "available",
            "use_case": "WORKSPACE_ACCESS",
            "vpc_endpoint_id": "7149a683-80f3-4240-8ea9-b98f19d4a638",
            "vpc_endpoint_name": "private-link-ws-vpc-backend-vpc-0a0c110881f1c1367"
          },
          "sensitive_attributes": [],
          "private": "bnVsbA==",
          "dependencies": [
            "aws_security_group.dataplane_vpce",
            "aws_subnet.dataplane_vpce",
            "aws_vpc_endpoint.backend_rest",
            "data.aws_subnet.ws_vpc_subnets",
            "data.aws_vpc.prod"
          ]
        }
      ]
    },
    {
      "mode": "managed",
      "type": "databricks_mws_vpc_endpoint",
      "name": "relay",
      "provider": "provider[\"registry.terraform.io/databrickslabs/databricks\"].mws",
      "instances": [
        {
          "schema_version": 0,
          "attributes": {
            "account_id": "119f3ee2-8c38-4cdb-88e1-81c091c378a2",
            "aws_account_id": "997819012307",
            "aws_endpoint_service_id": "vpce-svc-00018a8c3ff62ffdf",
            "aws_vpc_endpoint_id": "vpce-08eb013a69f29544a",
            "id": "119f3ee2-8c38-4cdb-88e1-81c091c378a2/d6905357-737a-4676-8ec1-263dac271161",
            "region": "us-east-1",
            "state": "available",
            "use_case": "DATAPLANE_RELAY_ACCESS",
            "vpc_endpoint_id": "d6905357-737a-4676-8ec1-263dac271161",
            "vpc_endpoint_name": "private-link-ws-vpc-relay-vpc-0a0c110881f1c1367"
          },
          "sensitive_attributes": [],
          "private": "bnVsbA==",
          "dependencies": [
            "aws_security_group.dataplane_vpce",
            "aws_subnet.dataplane_vpce",
            "aws_vpc_endpoint.relay",
            "data.aws_subnet.ws_vpc_subnets",
            "data.aws_vpc.prod"
          ]
        }
      ]
    },
    {
      "mode": "managed",
      "type": "databricks_mws_workspaces",
      "name": "this",
      "provider": "provider[\"registry.terraform.io/databrickslabs/databricks\"].mws",
      "instances": [
        {
          "schema_version": 2,
          "attributes": {
            "account_id": "119f3ee2-8c38-4cdb-88e1-81c091c378a2",
            "aws_region": "us-east-1",
            "cloud": null,
            "cloud_resource_bucket": [],
            "creation_time": 1649354546916,
            "credentials_id": "4e7c6bd7-aba6-4bc6-a717-4c8e50fb011b",
            "customer_managed_key_id": null,
            "deployment_name": "private-link-ws",
            "external_customer_info": [],
            "id": "119f3ee2-8c38-4cdb-88e1-81c091c378a2/4462047545833145",
            "is_no_public_ip_enabled": true,
            "location": null,
            "managed_services_customer_managed_key_id": null,
            "network": [],
            "network_id": "5ef6d65e-8f49-429b-b238-3d57248d717e",
            "pricing_tier": "ENTERPRISE",
            "private_access_settings_id": "c2cc1e7a-d297-4024-9c30-34d5cb9cb872",
            "storage_configuration_id": "044a8342-5925-4727-a0d7-e0faf999498b",
            "storage_customer_managed_key_id": null,
            "timeouts": null,
            "token": [],
            "workspace_id": 4462047545833145,
            "workspace_name": "private-link-ws",
            "workspace_status": "RUNNING",
            "workspace_status_message": "Workspace is running.",
            "workspace_url": "https://private-link-ws.cloud.databricks.com"
          },
          "sensitive_attributes": [],
          "private": "eyJlMmJmYjczMC1lY2FhLTExZTYtOGY4OC0zNDM2M2JjN2M0YzAiOnsiY3JlYXRlIjoxMjAwMDAwMDAwMDAwLCJyZWFkIjoxMjAwMDAwMDAwMDAwLCJ1cGRhdGUiOjEyMDAwMDAwMDAwMDB9LCJzY2hlbWFfdmVyc2lvbiI6IjIifQ==",
          "dependencies": [
            "aws_vpc_endpoint.relay",
            "data.aws_subnet.ws_vpc_subnets",
            "databricks_mws_credentials.this",
            "databricks_mws_networks.this",
            "databricks_mws_private_access_settings.pas",
            "aws_vpc_endpoint.backend_rest",
            "aws_subnet.dataplane_vpce",
            "data.aws_vpc.prod",
            "databricks_mws_storage_configurations.this",
            "databricks_mws_vpc_endpoint.backend_rest_vpce",
            "databricks_mws_vpc_endpoint.relay",
            "aws_security_group.dataplane_vpce"
          ]
        }
      ]
    }
  ]
}
